
Microsoft Visual Studio Solution File, Format Version 12.00
# Visual Studio Version 16
VisualStudioVersion = 16.0.29020.237
MinimumVisualStudioVersion = 10.0.40219.1
Project("{FAE04EC0-301F-11D3-BF4B-00C04F79EFBC}") = "RoyalMail.Core", "RoyalMail.Core\RoyalMail.Core.csproj", "{776B054E-C9DF-479A-89EE-43D62F4E66B6}"
EndProject
Project("{FAE04EC0-301F-11D3-BF4B-00C04F79EFBC}") = "RoyalMail.Android", "RoyalMail.Android\RoyalMail.Android.csproj", "{F5AA077A-8F81-4CD8-944E-75E3BCA2DBA4}"
EndProject
Global
	GlobalSection(SolutionConfigurationPlatforms) = preSolution
		Debug|Any CPU = Debug|Any CPU
		Release|Any CPU = Release|Any CPU
	EndGlobalSection
	GlobalSection(ProjectConfigurationPlatforms) = postSolution
		{776B054E-C9DF-479A-89EE-43D62F4E66B6}.Debug|Any CPU.ActiveCfg = Debug|Any CPU
		{776B054E-C9DF-479A-89EE-43D62F4E66B6}.Debug|Any CPU.Build.0 = Debug|Any CPU
		{776B054E-C9DF-479A-89EE-43D62F4E66B6}.Release|Any CPU.ActiveCfg = Release|Any CPU
		{776B054E-C9DF-479A-89EE-43D62F4E66B6}.Release|Any CPU.Build.0 = Release|Any CPU
		{F5AA077A-8F81-4CD8-944E-75E3BCA2DBA4}.Debug|Any CPU.ActiveCfg = Debug|Any CPU
		{F5AA077A-8F81-4CD8-944E-75E3BCA2DBA4}.Debug|Any CPU.Build.0 = Debug|Any CPU
		{F5AA077A-8F81-4CD8-944E-75E3BCA2DBA4}.Debug|Any CPU.Deploy.0 = Debug|Any CPU
		{F5AA077A-8F81-4CD8-944E-75E3BCA2DBA4}.Release|Any CPU.ActiveCfg = Release|Any CPU
		{F5AA077A-8F81-4CD8-944E-75E3BCA2DBA4}.Release|Any CPU.Build.0 = Release|Any CPU
		{F5AA077A-8F81-4CD8-944E-75E3BCA2DBA4}.Release|Any CPU.Deploy.0 = Release|Any CPU
	EndGlobalSection
	GlobalSection(SolutionProperties) = preSolution
		HideSolutionNode = FALSE
	EndGlobalSection
	GlobalSection(ExtensibilityGlobals) = postSolution
		SolutionGuid = {05E448D6-C857-4F96-9B49-D199FE94B80B}
	EndGlobalSection
EndGlobal
